
Microsoft Visual Studio Solution File, Format Version 12.00
# Visual Studio Version 17
VisualStudioVersion = 17.0.31903.59
MinimumVisualStudioVersion = 10.0.40219.1
Project("{FAE04EC0-301F-11D3-BF4B-00C04F79EFBC}") = "purchasesPMS", "purchasesPMS\purchasesPMS.csproj", "{928D4C15-1E47-4D01-A9CE-F1BBCB3E4217}"
EndProject
Global
	GlobalSection(SolutionConfigurationPlatforms) = preSolution
		Debug|Any CPU = Debug|Any CPU
		Release|Any CPU = Release|Any CPU
	EndGlobalSection
	GlobalSection(ProjectConfigurationPlatforms) = postSolution
		{928D4C15-1E47-4D01-A9CE-F1BBCB3E4217}.Debug|Any CPU.ActiveCfg = Debug|Any CPU
		{928D4C15-1E47-4D01-A9CE-F1BBCB3E4217}.Debug|Any CPU.Build.0 = Debug|Any CPU
		{928D4C15-1E47-4D01-A9CE-F1BBCB3E4217}.Release|Any CPU.ActiveCfg = Release|Any CPU
		{928D4C15-1E47-4D01-A9CE-F1BBCB3E4217}.Release|Any CPU.Build.0 = Release|Any CPU
	EndGlobalSection
	GlobalSection(SolutionProperties) = preSolution
		HideSolutionNode = FALSE
	EndGlobalSection
	GlobalSection(ExtensibilityGlobals) = postSolution
		SolutionGuid = {3E94E5B6-35AA-42FF-9263-2EDCA0449985}
	EndGlobalSection
EndGlobal
